
Microsoft Visual Studio Solution File, Format Version 12.00
# Visual Studio 15
Project("{FAE04EC0-301F-11D3-BF4B-00C04F79EFBC}") = "Scoreboard Tutorial", "Scoreboard Tutorial.csproj", "{9DF5426F-1C04-477E-89B5-FD622EA8477D}"
EndProject
Global
	GlobalSection(SolutionConfigurationPlatforms) = preSolution
		Debug|Any CPU = Debug|Any CPU
		Release|Any CPU = Release|Any CPU
	EndGlobalSection
	GlobalSection(ProjectConfigurationPlatforms) = postSolution
		{9DF5426F-1C04-477E-89B5-FD622EA8477D}.Debug|Any CPU.ActiveCfg = Debug|Any CPU
		{9DF5426F-1C04-477E-89B5-FD622EA8477D}.Debug|Any CPU.Build.0 = Debug|Any CPU
		{9DF5426F-1C04-477E-89B5-FD622EA8477D}.Release|Any CPU.ActiveCfg = Release|Any CPU
		{9DF5426F-1C04-477E-89B5-FD622EA8477D}.Release|Any CPU.Build.0 = Release|Any CPU
	EndGlobalSection
	GlobalSection(SolutionProperties) = preSolution
		HideSolutionNode = FALSE
	EndGlobalSection
EndGlobal
